
Microsoft Visual Studio Solution File, Format Version 12.00
# Visual Studio Version 16
VisualStudioVersion = 16.0.28922.388
MinimumVisualStudioVersion = 10.0.40219.1
Project("{9A19103F-16F7-4668-BE54-9A1E7A4F7556}") = "MyProject.MVC", "MyProject\MyProject.MVC.csproj", "{8A1F8010-58B8-4647-BFF1-6559170B3507}"
EndProject
Project("{9A19103F-16F7-4668-BE54-9A1E7A4F7556}") = "MyProject.DAL", "MyProject.DAL\MyProject.DAL.csproj", "{99406130-7605-4C01-85FB-D2B830F334C2}"
EndProject
Project("{9A19103F-16F7-4668-BE54-9A1E7A4F7556}") = "MyProject.VehicleRepository.Common", "MyProject.VehicleRepository.Common\MyProject.VehicleRepository.Common.csproj", "{9C6CE510-88D8-4E97-8914-B289764B58A0}"
EndProject
Project("{9A19103F-16F7-4668-BE54-9A1E7A4F7556}") = "MyProject.VehicleService", "MyProject.VehicleService\MyProject.VehicleService.csproj", "{C3FADA87-5623-4D13-BFB4-6B410F1B3EE9}"
EndProject
Project("{9A19103F-16F7-4668-BE54-9A1E7A4F7556}") = "MyProject.VehicleService.Common", "MyProject.VehicleService.Common\MyProject.VehicleService.Common.csproj", "{8220EC7C-65AE-4E99-A411-D4BF36C74784}"
EndProject
Project("{9A19103F-16F7-4668-BE54-9A1E7A4F7556}") = "MyProject.DTO", "MyProject.DTO\MyProject.DTO.csproj", "{D67A887A-57CA-45AE-A1E6-40A206AEC71F}"
EndProject
Project("{9A19103F-16F7-4668-BE54-9A1E7A4F7556}") = "MyProject.DTO.Common", "MyProject.DTO.Common\MyProject.DTO.Common.csproj", "{D749F3B4-5FE8-40E5-8744-5AD1E9B7032D}"
EndProject
Project("{9A19103F-16F7-4668-BE54-9A1E7A4F7556}") = "MyProject.VehicleRepository", "MyProject.VehicleRepository\MyProject.VehicleRepository.csproj", "{8308B886-8017-43BA-835C-90058511F315}"
EndProject
Global
	GlobalSection(SolutionConfigurationPlatforms) = preSolution
		Debug|Any CPU = Debug|Any CPU
		Release|Any CPU = Release|Any CPU
	EndGlobalSection
	GlobalSection(ProjectConfigurationPlatforms) = postSolution
		{8A1F8010-58B8-4647-BFF1-6559170B3507}.Debug|Any CPU.ActiveCfg = Debug|Any CPU
		{8A1F8010-58B8-4647-BFF1-6559170B3507}.Debug|Any CPU.Build.0 = Debug|Any CPU
		{8A1F8010-58B8-4647-BFF1-6559170B3507}.Release|Any CPU.ActiveCfg = Release|Any CPU
		{8A1F8010-58B8-4647-BFF1-6559170B3507}.Release|Any CPU.Build.0 = Release|Any CPU
		{99406130-7605-4C01-85FB-D2B830F334C2}.Debug|Any CPU.ActiveCfg = Debug|Any CPU
		{99406130-7605-4C01-85FB-D2B830F334C2}.Debug|Any CPU.Build.0 = Debug|Any CPU
		{99406130-7605-4C01-85FB-D2B830F334C2}.Release|Any CPU.ActiveCfg = Release|Any CPU
		{99406130-7605-4C01-85FB-D2B830F334C2}.Release|Any CPU.Build.0 = Release|Any CPU
		{9C6CE510-88D8-4E97-8914-B289764B58A0}.Debug|Any CPU.ActiveCfg = Debug|Any CPU
		{9C6CE510-88D8-4E97-8914-B289764B58A0}.Debug|Any CPU.Build.0 = Debug|Any CPU
		{9C6CE510-88D8-4E97-8914-B289764B58A0}.Release|Any CPU.ActiveCfg = Release|Any CPU
		{9C6CE510-88D8-4E97-8914-B289764B58A0}.Release|Any CPU.Build.0 = Release|Any CPU
		{C3FADA87-5623-4D13-BFB4-6B410F1B3EE9}.Debug|Any CPU.ActiveCfg = Debug|Any CPU
		{C3FADA87-5623-4D13-BFB4-6B410F1B3EE9}.Debug|Any CPU.Build.0 = Debug|Any CPU
		{C3FADA87-5623-4D13-BFB4-6B410F1B3EE9}.Release|Any CPU.ActiveCfg = Release|Any CPU
		{C3FADA87-5623-4D13-BFB4-6B410F1B3EE9}.Release|Any CPU.Build.0 = Release|Any CPU
		{8220EC7C-65AE-4E99-A411-D4BF36C74784}.Debug|Any CPU.ActiveCfg = Debug|Any CPU
		{8220EC7C-65AE-4E99-A411-D4BF36C74784}.Debug|Any CPU.Build.0 = Debug|Any CPU
		{8220EC7C-65AE-4E99-A411-D4BF36C74784}.Release|Any CPU.ActiveCfg = Release|Any CPU
		{8220EC7C-65AE-4E99-A411-D4BF36C74784}.Release|Any CPU.Build.0 = Release|Any CPU
		{D67A887A-57CA-45AE-A1E6-40A206AEC71F}.Debug|Any CPU.ActiveCfg = Debug|Any CPU
		{D67A887A-57CA-45AE-A1E6-40A206AEC71F}.Debug|Any CPU.Build.0 = Debug|Any CPU
		{D67A887A-57CA-45AE-A1E6-40A206AEC71F}.Release|Any CPU.ActiveCfg = Release|Any CPU
		{D67A887A-57CA-45AE-A1E6-40A206AEC71F}.Release|Any CPU.Build.0 = Release|Any CPU
		{D749F3B4-5FE8-40E5-8744-5AD1E9B7032D}.Debug|Any CPU.ActiveCfg = Debug|Any CPU
		{D749F3B4-5FE8-40E5-8744-5AD1E9B7032D}.Debug|Any CPU.Build.0 = Debug|Any CPU
		{D749F3B4-5FE8-40E5-8744-5AD1E9B7032D}.Release|Any CPU.ActiveCfg = Release|Any CPU
		{D749F3B4-5FE8-40E5-8744-5AD1E9B7032D}.Release|Any CPU.Build.0 = Release|Any CPU
		{8308B886-8017-43BA-835C-90058511F315}.Debug|Any CPU.ActiveCfg = Debug|Any CPU
		{8308B886-8017-43BA-835C-90058511F315}.Debug|Any CPU.Build.0 = Debug|Any CPU
		{8308B886-8017-43BA-835C-90058511F315}.Release|Any CPU.ActiveCfg = Release|Any CPU
		{8308B886-8017-43BA-835C-90058511F315}.Release|Any CPU.Build.0 = Release|Any CPU
	EndGlobalSection
	GlobalSection(SolutionProperties) = preSolution
		HideSolutionNode = FALSE
	EndGlobalSection
	GlobalSection(ExtensibilityGlobals) = postSolution
		SolutionGuid = {CFFA97B1-DB47-4B2C-84D6-4C1E2E5B1827}
	EndGlobalSection
EndGlobal
